
Microsoft Visual Studio Solution File, Format Version 12.00
# Visual Studio 15
Project("{FAE04EC0-301F-11D3-BF4B-00C04F79EFBC}") = "Assembly-CSharp", "Assembly-CSharp.csproj", "{BCF62E54-8C97-BA42-61E4-BB38E7DB9763}"
EndProject
Project("{FAE04EC0-301F-11D3-BF4B-00C04F79EFBC}") = "Assembly-CSharp", "Assembly-CSharp.Player.csproj", "{1E817D32-34EA-1CCB-60A6-5D55929283C3}"
EndProject
Global
	GlobalSection(SolutionConfigurationPlatforms) = preSolution
		Debug|Any CPU = Debug|Any CPU
		Release|Any CPU = Release|Any CPU
	EndGlobalSection
	GlobalSection(ProjectConfigurationPlatforms) = postSolution
		{BCF62E54-8C97-BA42-61E4-BB38E7DB9763}.Debug|Any CPU.ActiveCfg = Debug|Any CPU
		{BCF62E54-8C97-BA42-61E4-BB38E7DB9763}.Debug|Any CPU.Build.0 = Debug|Any CPU
		{BCF62E54-8C97-BA42-61E4-BB38E7DB9763}.Release|Any CPU.ActiveCfg = Release|Any CPU
		{BCF62E54-8C97-BA42-61E4-BB38E7DB9763}.Release|Any CPU.Build.0 = Release|Any CPU
		{1E817D32-34EA-1CCB-60A6-5D55929283C3}.Debug|Any CPU.ActiveCfg = Debug|Any CPU
		{1E817D32-34EA-1CCB-60A6-5D55929283C3}.Debug|Any CPU.Build.0 = Debug|Any CPU
		{1E817D32-34EA-1CCB-60A6-5D55929283C3}.Release|Any CPU.ActiveCfg = Release|Any CPU
		{1E817D32-34EA-1CCB-60A6-5D55929283C3}.Release|Any CPU.Build.0 = Release|Any CPU
	EndGlobalSection
	GlobalSection(SolutionProperties) = preSolution
		HideSolutionNode = FALSE
	EndGlobalSection
EndGlobal
